
Microsoft Visual Studio Solution File, Format Version 12.00
# Visual Studio 15
Project("{FAE04EC0-301F-11D3-BF4B-00C04F79EFBC}") = "BestBuyBestPractices", "BestBuyBestPractices\BestBuyBestPractices.csproj", "{6CAE35CA-48B4-44D1-B684-A5645DBEB922}"
EndProject
Global
	GlobalSection(SolutionConfigurationPlatforms) = preSolution
		Debug|Any CPU = Debug|Any CPU
		Release|Any CPU = Release|Any CPU
	EndGlobalSection
	GlobalSection(ProjectConfigurationPlatforms) = postSolution
		{6CAE35CA-48B4-44D1-B684-A5645DBEB922}.Debug|Any CPU.ActiveCfg = Debug|Any CPU
		{6CAE35CA-48B4-44D1-B684-A5645DBEB922}.Debug|Any CPU.Build.0 = Debug|Any CPU
		{6CAE35CA-48B4-44D1-B684-A5645DBEB922}.Release|Any CPU.ActiveCfg = Release|Any CPU
		{6CAE35CA-48B4-44D1-B684-A5645DBEB922}.Release|Any CPU.Build.0 = Release|Any CPU
	EndGlobalSection
EndGlobal
